# THIS IS AN AUTOGENERATED FILE. DO NOT EDIT THIS FILE DIRECTLY.
# yarn lockfile v1


"@actions/core@^1.10.0":
  version "1.10.1"
  resolved "https://registry.yarnpkg.com/@actions/core/-/core-1.10.1.tgz#61108e7ac40acae95ee36da074fa5850ca4ced8a"
  integrity sha512-3lBR9EDAY+iYIpTnTIXmWcNbX3T2kCkAEQGIQx4NVQ0575nk2k3GRZDTPQG+vVtS2izSLmINlxXf0uLtnrTP+g==
  dependencies:
    "@actions/http-client" "^2.0.1"
    uuid "^8.3.2"

"@actions/http-client@^2.0.1":
  version "2.1.1"
  resolved "https://registry.yarnpkg.com/@actions/http-client/-/http-client-2.1.1.tgz#a8e97699c315bed0ecaeaaeb640948470d4586a0"
  integrity sha512-qhrkRMB40bbbLo7gF+0vu+X+UawOvQQqNAA/5Unx774RS8poaOhThDOG6BGmxvAnxhQnDp2BG/ZUm65xZILTpw==
  dependencies:
    tunnel "^0.0.6"

"@jest/types@^24.9.0":
  version "24.9.0"
  resolved "https://registry.yarnpkg.com/@jest/types/-/types-24.9.0.tgz#63cb26cb7500d069e5a389441a7c6ab5e909fc59"
  integrity sha512-XKK7ze1apu5JWQ5eZjHITP66AX+QsLlbaJRBGYr8pNzwcAE2JVkwnf0yqjHTsDRcjR0mujy/NmZMXw5kl+kGBw==
  dependencies:
    "@types/istanbul-lib-coverage" "^2.0.0"
    "@types/istanbul-reports" "^1.1.1"
    "@types/yargs" "^13.0.0"

"@octokit/auth-token@^3.0.0":
  version "3.0.4"
  resolved "https://registry.yarnpkg.com/@octokit/auth-token/-/auth-token-3.0.4.tgz#70e941ba742bdd2b49bdb7393e821dea8520a3db"
  integrity sha512-TWFX7cZF2LXoCvdmJWY7XVPi74aSY0+FfBZNSXEXFkMpjcqsQwDSYVv5FhRFaI0V1ECnwbz4j59T/G+rXNWaIQ==

"@octokit/core@^4.2.1":
  version "4.2.4"
  resolved "https://registry.yarnpkg.com/@octokit/core/-/core-4.2.4.tgz#d8769ec2b43ff37cc3ea89ec4681a20ba58ef907"
  integrity sha512-rYKilwgzQ7/imScn3M9/pFfUf4I1AZEH3KhyJmtPdE2zfaXAn2mFfUy4FbKewzc2We5y/LlKLj36fWJLKC2SIQ==
  dependencies:
    "@octokit/auth-token" "^3.0.0"
    "@octokit/graphql" "^5.0.0"
    "@octokit/request" "^6.0.0"
    "@octokit/request-error" "^3.0.0"
    "@octokit/types" "^9.0.0"
    before-after-hook "^2.2.0"
    universal-user-agent "^6.0.0"

"@octokit/endpoint@^7.0.0":
  version "7.0.6"
  resolved "https://registry.yarnpkg.com/@octokit/endpoint/-/endpoint-7.0.6.tgz#791f65d3937555141fb6c08f91d618a7d645f1e2"
  integrity sha512-5L4fseVRUsDFGR00tMWD/Trdeeihn999rTMGRMC1G/Ldi1uWlWJzI98H4Iak5DB/RVvQuyMYKqSK/R6mbSOQyg==
  dependencies:
    "@octokit/types" "^9.0.0"
    is-plain-object "^5.0.0"
    universal-user-agent "^6.0.0"

"@octokit/graphql@^5.0.0":
  version "5.0.6"
  resolved "https://registry.yarnpkg.com/@octokit/graphql/-/graphql-5.0.6.tgz#9eac411ac4353ccc5d3fca7d76736e6888c5d248"
  integrity sha512-Fxyxdy/JH0MnIB5h+UQ3yCoh1FG4kWXfFKkpWqjZHw/p+Kc8Y44Hu/kCgNBT6nU1shNumEchmW/sUO1JuQnPcw==
  dependencies:
    "@octokit/request" "^6.0.0"
    "@octokit/types" "^9.0.0"
    universal-user-agent "^6.0.0"

"@octokit/openapi-types@^18.0.0":
  version "18.0.0"
  resolved "https://registry.yarnpkg.com/@octokit/openapi-types/-/openapi-types-18.0.0.tgz#f43d765b3c7533fd6fb88f3f25df079c24fccf69"
  integrity sha512-V8GImKs3TeQRxRtXFpG2wl19V7444NIOTDF24AWuIbmNaNYOQMWRbjcGDXV5B+0n887fgDcuMNOmlul+k+oJtw==

"@octokit/plugin-paginate-rest@^6.1.2":
  version "6.1.2"
  resolved "https://registry.yarnpkg.com/@octokit/plugin-paginate-rest/-/plugin-paginate-rest-6.1.2.tgz#f86456a7a1fe9e58fec6385a85cf1b34072341f8"
  integrity sha512-qhrmtQeHU/IivxucOV1bbI/xZyC/iOBhclokv7Sut5vnejAIAEXVcGQeRpQlU39E0WwK9lNvJHphHri/DB6lbQ==
  dependencies:
    "@octokit/tsconfig" "^1.0.2"
    "@octokit/types" "^9.2.3"

"@octokit/plugin-request-log@^1.0.4":
  version "1.0.4"
  resolved "https://registry.yarnpkg.com/@octokit/plugin-request-log/-/plugin-request-log-1.0.4.tgz#5e50ed7083a613816b1e4a28aeec5fb7f1462e85"
  integrity sha512-mLUsMkgP7K/cnFEw07kWqXGF5LKrOkD+lhCrKvPHXWDywAwuDUeDwWBpc69XK3pNX0uKiVt8g5z96PJ6z9xCFA==

"@octokit/plugin-rest-endpoint-methods@^7.1.2":
  version "7.2.3"
  resolved "https://registry.yarnpkg.com/@octokit/plugin-rest-endpoint-methods/-/plugin-rest-endpoint-methods-7.2.3.tgz#37a84b171a6cb6658816c82c4082ac3512021797"
  integrity sha512-I5Gml6kTAkzVlN7KCtjOM+Ruwe/rQppp0QU372K1GP7kNOYEKe8Xn5BW4sE62JAHdwpq95OQK/qGNyKQMUzVgA==
  dependencies:
    "@octokit/types" "^10.0.0"

"@octokit/request-error@^3.0.0":
  version "3.0.3"
  resolved "https://registry.yarnpkg.com/@octokit/request-error/-/request-error-3.0.3.tgz#ef3dd08b8e964e53e55d471acfe00baa892b9c69"
  integrity sha512-crqw3V5Iy2uOU5Np+8M/YexTlT8zxCfI+qu+LxUB7SZpje4Qmx3mub5DfEKSO8Ylyk0aogi6TYdf6kxzh2BguQ==
  dependencies:
    "@octokit/types" "^9.0.0"
    deprecation "^2.0.0"
    once "^1.4.0"

"@octokit/request@^6.0.0":
  version "6.2.8"
  resolved "https://registry.yarnpkg.com/@octokit/request/-/request-6.2.8.tgz#aaf480b32ab2b210e9dadd8271d187c93171d8eb"
  integrity sha512-ow4+pkVQ+6XVVsekSYBzJC0VTVvh/FCTUUgTsboGq+DTeWdyIFV8WSCdo0RIxk6wSkBTHqIK1mYuY7nOBXOchw==
  dependencies:
    "@octokit/endpoint" "^7.0.0"
    "@octokit/request-error" "^3.0.0"
    "@octokit/types" "^9.0.0"
    is-plain-object "^5.0.0"
    node-fetch "^2.6.7"
    universal-user-agent "^6.0.0"

"@octokit/rest@^19.0.5":
  version "19.0.13"
  resolved "https://registry.yarnpkg.com/@octokit/rest/-/rest-19.0.13.tgz#e799393264edc6d3c67eeda9e5bd7832dcf974e4"
  integrity sha512-/EzVox5V9gYGdbAI+ovYj3nXQT1TtTHRT+0eZPcuC05UFSWO3mdO9UY1C0i2eLF9Un1ONJkAk+IEtYGAC+TahA==
  dependencies:
    "@octokit/core" "^4.2.1"
    "@octokit/plugin-paginate-rest" "^6.1.2"
    "@octokit/plugin-request-log" "^1.0.4"
    "@octokit/plugin-rest-endpoint-methods" "^7.1.2"

"@octokit/tsconfig@^1.0.2":
  version "1.0.2"
  resolved "https://registry.yarnpkg.com/@octokit/tsconfig/-/tsconfig-1.0.2.tgz#59b024d6f3c0ed82f00d08ead5b3750469125af7"
  integrity sha512-I0vDR0rdtP8p2lGMzvsJzbhdOWy405HcGovrspJ8RRibHnyRgggUSNO5AIox5LmqiwmatHKYsvj6VGFHkqS7lA==

"@octokit/types@^10.0.0":
  version "10.0.0"
  resolved "https://registry.yarnpkg.com/@octokit/types/-/types-10.0.0.tgz#7ee19c464ea4ada306c43f1a45d444000f419a4a"
  integrity sha512-Vm8IddVmhCgU1fxC1eyinpwqzXPEYu0NrYzD3YZjlGjyftdLBTeqNblRC0jmJmgxbJIsQlyogVeGnrNaaMVzIg==
  dependencies:
    "@octokit/openapi-types" "^18.0.0"

"@octokit/types@^9.0.0", "@octokit/types@^9.2.3":
  version "9.3.2"
  resolved "https://registry.yarnpkg.com/@octokit/types/-/types-9.3.2.tgz#3f5f89903b69f6a2d196d78ec35f888c0013cac5"
  integrity sha512-D4iHGTdAnEEVsB8fl95m1hiz7D5YiRdQ9b/OEb3BYRVwbLsGHcRVPz+u+BgRLNk0Q0/4iZCBqDN96j2XNxfXrA==
  dependencies:
    "@octokit/openapi-types" "^18.0.0"

"@types/glob@^7.1.1":
  version "7.2.0"
  resolved "https://registry.yarnpkg.com/@types/glob/-/glob-7.2.0.tgz#bc1b5bf3aa92f25bd5dd39f35c57361bdce5b2eb"
  integrity sha512-ZUxbzKl0IfJILTS6t7ip5fQQM/J3TJYubDm3nMbgubNNYS62eXeUpoLUC8/7fJNiFYHTrGPQn7hspDUzIHX3UA==
  dependencies:
    "@types/minimatch" "*"
    "@types/node" "*"

"@types/istanbul-lib-coverage@*", "@types/istanbul-lib-coverage@^2.0.0":
  version "2.0.4"
  resolved "https://registry.yarnpkg.com/@types/istanbul-lib-coverage/-/istanbul-lib-coverage-2.0.4.tgz#8467d4b3c087805d63580480890791277ce35c44"
  integrity sha512-z/QT1XN4K4KYuslS23k62yDIDLwLFkzxOuMplDtObz0+y7VqJCaO2o+SPwHCvLFZh7xazvvoor2tA/hPz9ee7g==

"@types/istanbul-lib-report@*":
  version "3.0.0"
  resolved "https://registry.yarnpkg.com/@types/istanbul-lib-report/-/istanbul-lib-report-3.0.0.tgz#c14c24f18ea8190c118ee7562b7ff99a36552686"
  integrity sha512-plGgXAPfVKFoYfa9NpYDAkseG+g6Jr294RqeqcqDixSbU34MZVJRi/P+7Y8GDpzkEwLaGZZOpKIEmeVZNtKsrg==
  dependencies:
    "@types/istanbul-lib-coverage" "*"

"@types/istanbul-reports@^1.1.1":
  version "1.1.2"
  resolved "https://registry.yarnpkg.com/@types/istanbul-reports/-/istanbul-reports-1.1.2.tgz#e875cc689e47bce549ec81f3df5e6f6f11cfaeb2"
  integrity sha512-P/W9yOX/3oPZSpaYOCQzGqgCQRXn0FFO/V8bWrCQs+wLmvVVxk6CRBXALEvNs9OHIatlnlFokfhuDo2ug01ciw==
  dependencies:
    "@types/istanbul-lib-coverage" "*"
    "@types/istanbul-lib-report" "*"

"@types/jest@^24.0.23":
  version "24.9.1"
  resolved "https://registry.yarnpkg.com/@types/jest/-/jest-24.9.1.tgz#02baf9573c78f1b9974a5f36778b366aa77bd534"
  integrity sha512-Fb38HkXSVA4L8fGKEZ6le5bB8r6MRWlOCZbVuWZcmOMSCd2wCYOwN1ibj8daIoV9naq7aaOZjrLCoCMptKU/4Q==
  dependencies:
    jest-diff "^24.3.0"

"@types/minimatch@*":
  version "5.1.2"
  resolved "https://registry.yarnpkg.com/@types/minimatch/-/minimatch-5.1.2.tgz#07508b45797cb81ec3f273011b054cd0755eddca"
  integrity sha512-K0VQKziLUWkVKiRVrx4a40iPaxTUefQmjtkQofBkYRcoaaL/8rhwDWww9qWbrgicNOgnpIsMxyNIUM4+n6dUIA==

"@types/node-fetch@^2.5.7":
  version "2.6.5"
  resolved "https://registry.yarnpkg.com/@types/node-fetch/-/node-fetch-2.6.5.tgz#972756a9a0fe354b2886bf3defe667ddb4f0d30a"
  integrity sha512-OZsUlr2nxvkqUFLSaY2ZbA+P1q22q+KrlxWOn/38RX+u5kTkYL2mTujEpzUhGkS+K/QCYp9oagfXG39XOzyySg==
  dependencies:
    "@types/node" "*"
    form-data "^4.0.0"

"@types/node@*":
  version "20.6.2"
  resolved "https://registry.yarnpkg.com/@types/node/-/node-20.6.2.tgz#a065925409f59657022e9063275cd0b9bd7e1b12"
  integrity sha512-Y+/1vGBHV/cYk6OI1Na/LHzwnlNCAfU3ZNGrc1LdRe/LAIbdDPTTv/HU3M7yXN448aTVDq3eKRm2cg7iKLb8gw==

"@types/node@^12.7.12":
  version "12.20.55"
  resolved "https://registry.yarnpkg.com/@types/node/-/node-12.20.55.tgz#c329cbd434c42164f846b909bd6f85b5537f6240"
  integrity sha512-J8xLz7q2OFulZ2cyGTLE1TbbZcjpno7FaN6zdJNrgAdrJ+DZzh/uFR6YrTb4C+nXakvud8Q4+rbhoIWlYQbUFQ==

"@types/validate-npm-package-name@^3.0.0":
  version "3.0.3"
  resolved "https://registry.yarnpkg.com/@types/validate-npm-package-name/-/validate-npm-package-name-3.0.3.tgz#970c1949b0b677e970aa6e60db4e0f6aaf5fb293"
  integrity sha512-dLhCHEIjf9++/vHaHCo/ngJzGqGGbPh/f7HKwznEk3WFL64t/VKuRiVpyQH4afX93YkCV94I9M0Cx+DBLk1Dsg==

"@types/yargs-parser@*":
  version "21.0.0"
  resolved "https://registry.yarnpkg.com/@types/yargs-parser/-/yargs-parser-21.0.0.tgz#0c60e537fa790f5f9472ed2776c2b71ec117351b"
  integrity sha512-iO9ZQHkZxHn4mSakYV0vFHAVDyEOIJQrV2uZ06HxEPcx+mt8swXoZHIbaaJ2crJYFfErySgktuTZ3BeLz+XmFA==

"@types/yargs@^13.0.0":
  version "13.0.12"
  resolved "https://registry.yarnpkg.com/@types/yargs/-/yargs-13.0.12.tgz#d895a88c703b78af0465a9de88aa92c61430b092"
  integrity sha512-qCxJE1qgz2y0hA4pIxjBR+PelCH0U5CK1XJXFwCNqfmliatKp47UCXXE9Dyk1OXBDLvsCF57TqQEJaeLfDYEOQ==
  dependencies:
    "@types/yargs-parser" "*"

"@types/yawn-yaml@^1.4.0":
  version "1.4.0"
  resolved "https://registry.yarnpkg.com/@types/yawn-yaml/-/yawn-yaml-1.4.0.tgz#15e1c5722c9253d6da6a927d85ba34b2f34a3a02"
  integrity sha512-9mfVO9Po29PF6lH24v3+5BCBXhnH+o3r9I6xRzU+AECT1cdlR/mNqk6NK2kTFGyo0vt8o4isjpq3V5iG3VmvFQ==

"@zeit/ncc@^0.20.5":
  version "0.20.5"
  resolved "https://registry.yarnpkg.com/@zeit/ncc/-/ncc-0.20.5.tgz#a41af6e6bcab4a58f4612bae6137f70bce0192e3"
  integrity sha512-XU6uzwvv95DqxciQx+aOLhbyBx/13ky+RK1y88Age9Du3BlA4mMPCy13BGjayOrrumOzlq1XV3SD/BWiZENXlw==

ansi-regex@^4.0.0:
  version "4.1.1"
  resolved "https://registry.yarnpkg.com/ansi-regex/-/ansi-regex-4.1.1.tgz#164daac87ab2d6f6db3a29875e2d1766582dabed"
  integrity sha512-ILlv4k/3f6vfQ4OoP2AGvirOktlQ98ZEL1k9FaQjxa3L1abBgbuTDAdPOpvbGncC0BTVQrl+OM8xZGK6tWXt7g==

ansi-styles@^3.2.0, ansi-styles@^3.2.1:
  version "3.2.1"
  resolved "https://registry.yarnpkg.com/ansi-styles/-/ansi-styles-3.2.1.tgz#41fbb20243e50b12be0f04b8dedbf07520ce841d"
  integrity sha512-VT0ZI6kZRdTh8YyJw3SMbYm/u+NqfsAxEpWO0Pf9sq8/e94WxxOpPKx9FR1FlyCtOVDNOQ+8ntlqFxiRc+r5qA==
  dependencies:
    color-convert "^1.9.0"

argparse@^1.0.7:
  version "1.0.10"
  resolved "https://registry.yarnpkg.com/argparse/-/argparse-1.0.10.tgz#bcd6791ea5ae09725e17e5ad988134cd40b3d911"
  integrity sha512-o5Roy6tNG4SL/FOkCAN6RzjiakZS25RLYFrcMttJqbdd8BWrnA+fGz57iN5Pb06pvBGvl5gQ0B48dJlslXvoTg==
  dependencies:
    sprintf-js "~1.0.2"

asynckit@^0.4.0:
  version "0.4.0"
  resolved "https://registry.yarnpkg.com/asynckit/-/asynckit-0.4.0.tgz#c79ed97f7f34cb8f2ba1bc9790bcc366474b4b79"
  integrity sha512-Oei9OH4tRh0YqU3GxhX79dM/mwVgvbZJaSNaRk+bshkj0S5cfHcgYakreBjrHwatXKbz+IoIdYLxrKim2MjW0Q==

balanced-match@^1.0.0:
  version "1.0.2"
  resolved "https://registry.yarnpkg.com/balanced-match/-/balanced-match-1.0.2.tgz#e83e3a7e3f300b34cb9d87f615fa0cbf357690ee"
  integrity sha512-3oSeUO0TMV67hN1AmbXsK4yaqU7tjiHlbxRDZOpH0KW9+CeX4bRAaX0Anxt0tx2MrpRpWwQaPwIlISEJhYU5Pw==

before-after-hook@^2.2.0:
  version "2.2.3"
  resolved "https://registry.yarnpkg.com/before-after-hook/-/before-after-hook-2.2.3.tgz#c51e809c81a4e354084422b9b26bad88249c517c"
  integrity sha512-NzUnlZexiaH/46WDhANlyR2bXRopNg4F/zuSA3OpZnllCUgRaOF2znDioDWrmbNVsuZk6l9pMquQB38cfBZwkQ==

brace-expansion@^1.1.7:
  version "1.1.11"
  resolved "https://registry.yarnpkg.com/brace-expansion/-/brace-expansion-1.1.11.tgz#3c7fcbf529d87226f3d2f52b966ff5271eb441dd"
  integrity sha512-iCuPHDFgrHX7H2vEI/5xpz07zSHB00TpugqhmYtVmMO6518mCuRMoOYFldEBl0g187ufozdaHgWKcYFb61qGiA==
  dependencies:
    balanced-match "^1.0.0"
    concat-map "0.0.1"

builtins@^1.0.3:
  version "1.0.3"
  resolved "https://registry.yarnpkg.com/builtins/-/builtins-1.0.3.tgz#cb94faeb61c8696451db36534e1422f94f0aee88"
  integrity sha512-uYBjakWipfaO/bXI7E8rq6kpwHRZK5cNYrUv2OzZSI/FvmdMyXJ2tG9dKcjEC5YHmHpUAwsargWIZNWdxb/bnQ==

chalk@^2.0.1:
  version "2.4.2"
  resolved "https://registry.yarnpkg.com/chalk/-/chalk-2.4.2.tgz#cd42541677a54333cf541a49108c1432b44c9424"
  integrity sha512-Mti+f9lpJNcwF4tWV8/OrTTtF1gZi+f8FqlyAdouralcFWFQWF2+NgCHShjkCb+IFBLq9buZwE1xckQU4peSuQ==
  dependencies:
    ansi-styles "^3.2.1"
    escape-string-regexp "^1.0.5"
    supports-color "^5.3.0"

color-convert@^1.9.0:
  version "1.9.3"
  resolved "https://registry.yarnpkg.com/color-convert/-/color-convert-1.9.3.tgz#bb71850690e1f136567de629d2d5471deda4c1e8"
  integrity sha512-QfAUtd+vFdAtFQcC8CCyYt1fYWxSqAiK2cSD6zDB8N3cpsEBAvRxp9zOGg6G/SHHJYAT88/az/IuDGALsNVbGg==
  dependencies:
    color-name "1.1.3"

color-name@1.1.3:
  version "1.1.3"
  resolved "https://registry.yarnpkg.com/color-name/-/color-name-1.1.3.tgz#a7d0558bd89c42f795dd42328f740831ca53bc25"
  integrity sha512-72fSenhMw2HZMTVHeCA9KCmpEIbzWiQsjN+BHcBbS9vr1mtt+vJjPdksIBNUmKAW8TFUDPJK5SUU3QhE9NEXDw==

combined-stream@^1.0.8:
  version "1.0.8"
  resolved "https://registry.yarnpkg.com/combined-stream/-/combined-stream-1.0.8.tgz#c3d45a8b34fd730631a110a8a2520682b31d5a7f"
  integrity sha512-FQN4MRfuJeHf7cBbBMJFXhKSDq+2kAArBlmRBvcvFE5BB1HZKXtSFASDhdlz9zOYwxh8lDdnvmMOe/+5cdoEdg==
  dependencies:
    delayed-stream "~1.0.0"

comment-json@^3.0.2:
  version "3.0.3"
  resolved "https://registry.yarnpkg.com/comment-json/-/comment-json-3.0.3.tgz#0cadacd6278602b57b8c51b1814dc5d311d228c4"
  integrity sha512-P7XwYkC3qjIK45EAa9c5Y3lR7SMXhJqwFdWg3niAIAcbk3zlpKDdajV8Hyz/Y3sGNn3l+YNMl8A2N/OubSArHg==
  dependencies:
    core-util-is "^1.0.2"
    esprima "^4.0.1"
    has-own-prop "^2.0.0"
    repeat-string "^1.6.1"

concat-map@0.0.1:
  version "0.0.1"
  resolved "https://registry.yarnpkg.com/concat-map/-/concat-map-0.0.1.tgz#d8a96bd77fd68df7793a73036a3ba0d5405d477b"
  integrity sha512-/Srv4dswyQNBfohGpz9o6Yb3Gz3SrUDqBH5rTuhGR7ahtlbYKnVxw2bCFMRljaA7EXHaXZ8wsHdodFvbkhKmqg==

core-util-is@^1.0.2:
  version "1.0.3"
  resolved "https://registry.yarnpkg.com/core-util-is/-/core-util-is-1.0.3.tgz#a6042d3634c2b27e9328f837b965fac83808db85"
  integrity sha512-ZQBvi1DcpJ4GDqanjucZ2Hj3wEO5pZDS89BWbkcrvdxksJorwUDDZamX9ldFkp9aw2lmBDLgkObEA4DWNJ9FYQ==

delayed-stream@~1.0.0:
  version "1.0.0"
  resolved "https://registry.yarnpkg.com/delayed-stream/-/delayed-stream-1.0.0.tgz#df3ae199acadfb7d440aaae0b29e2272b24ec619"
  integrity sha512-ZySD7Nf91aLB0RxL4KGrKHBXl7Eds1DAmEdcoVawXnLD7SDhpNgtuII2aAkg7a7QS41jxPSZ17p4VdGnMHk3MQ==

deprecation@^2.0.0:
  version "2.3.1"
  resolved "https://registry.yarnpkg.com/deprecation/-/deprecation-2.3.1.tgz#6368cbdb40abf3373b525ac87e4a260c3a700919"
  integrity sha512-xmHIy4F3scKVwMsQ4WnVaS8bHOx0DmVwRywosKhaILI0ywMDWPtBSku2HNxRvF7jtwDRsoEwYQSfbxj8b7RlJQ==

diff-sequences@^24.9.0:
  version "24.9.0"
  resolved "https://registry.yarnpkg.com/diff-sequences/-/diff-sequences-24.9.0.tgz#5715d6244e2aa65f48bba0bc972db0b0b11e95b5"
  integrity sha512-Dj6Wk3tWyTE+Fo1rW8v0Xhwk80um6yFYKbuAxc9c3EZxIHFDYwbi34Uk42u1CdnIiVorvt4RmlSDjIPyzGC2ew==

escape-string-regexp@^1.0.5:
  version "1.0.5"
  resolved "https://registry.yarnpkg.com/escape-string-regexp/-/escape-string-regexp-1.0.5.tgz#1b61c0562190a8dff6ae3bb2cf0200ca130b86d4"
  integrity sha512-vbRorB5FUQWvla16U8R/qgaFIya2qGzwDrNmCZuYKrbdSUMG6I1ZCGQRefkRVhuOkIGVne7BQ35DSfo1qvJqFg==

esprima@^4.0.0, esprima@^4.0.1:
  version "4.0.1"
  resolved "https://registry.yarnpkg.com/esprima/-/esprima-4.0.1.tgz#13b04cdb3e6c5d19df91ab6987a8695619b0aa71"
  integrity sha512-eGuFFw7Upda+g4p+QHvnW0RyTX/SVeJBDM/gCtMARO0cLuT2HcEKnTPvhjV6aGeqrCB/sbNop0Kszm0jsaWU4A==

evt@^2.5.2:
  version "2.5.2"
  resolved "https://registry.yarnpkg.com/evt/-/evt-2.5.2.tgz#fe2c86657de488fd873195daae35323b96daefb2"
  integrity sha512-N8+A+VJRMPDIOz7KDctin7JSMPIvS1edLSDSgH51OGN6MGlAdthZ6pSztRBe1dxvNb0CvlzLKu9kRK2zYiWukw==
  dependencies:
    minimal-polyfills "^2.2.3"
    run-exclusive "^2.2.19"
    tsafe "^1.6.4"

form-data@^4.0.0:
  version "4.0.0"
  resolved "https://registry.yarnpkg.com/form-data/-/form-data-4.0.0.tgz#93919daeaf361ee529584b9b31664dc12c9fa452"
  integrity sha512-ETEklSGi5t0QMZuiXoA/Q6vcnxcLQP5vdugSpuAyi6SVGi2clPPp+xgEhuMaHC+zGgn31Kd235W35f7Hykkaww==
  dependencies:
    asynckit "^0.4.0"
    combined-stream "^1.0.8"
    mime-types "^2.1.12"

fs.realpath@^1.0.0:
  version "1.0.0"
  resolved "https://registry.yarnpkg.com/fs.realpath/-/fs.realpath-1.0.0.tgz#1504ad2523158caa40db4a2787cb01411994ea4f"
  integrity sha512-OO0pH2lK6a0hZnAdau5ItzHPI6pUlvI7jMVnxUQRtw4owF2wk8lOSabtGDCTP4Ggrg2MbGnWO9X8K1t4+fGMDw==

glob@^7.1.6:
  version "7.2.3"
  resolved "https://registry.yarnpkg.com/glob/-/glob-7.2.3.tgz#b8df0fb802bbfa8e89bd1d938b4e16578ed44f2b"
  integrity sha512-nFR0zLpU2YCaRxwoCJvL6UvCH2JFyFVIvwTLsIf21AuHlMskA1hhTdk+LlYJtOlYt9v6dvszD2BGRqBL+iQK9Q==
  dependencies:
    fs.realpath "^1.0.0"
    inflight "^1.0.4"
    inherits "2"
    minimatch "^3.1.1"
    once "^1.3.0"
    path-is-absolute "^1.0.0"

has-flag@^3.0.0:
  version "3.0.0"
  resolved "https://registry.yarnpkg.com/has-flag/-/has-flag-3.0.0.tgz#b5d454dc2199ae225699f3467e5a07f3b955bafd"
  integrity sha512-sKJf1+ceQBr4SMkvQnBDNDtf4TXpVhVGateu0t918bl30FnbE2m4vNLX+VWe/dpjlb+HugGYzW7uQXH98HPEYw==

has-own-prop@^2.0.0:
  version "2.0.0"
  resolved "https://registry.yarnpkg.com/has-own-prop/-/has-own-prop-2.0.0.tgz#f0f95d58f65804f5d218db32563bb85b8e0417af"
  integrity sha512-Pq0h+hvsVm6dDEa8x82GnLSYHOzNDt7f0ddFa3FqcQlgzEiptPqL+XrOJNavjOzSYiYWIrgeVYYgGlLmnxwilQ==

inflight@^1.0.4:
  version "1.0.6"
  resolved "https://registry.yarnpkg.com/inflight/-/inflight-1.0.6.tgz#49bd6331d7d02d0c09bc910a1075ba8165b56df9"
  integrity sha512-k92I/b08q4wvFscXCLvqfsHCrjrF7yiXsQuIVvVE7N82W3+aqpzuUdBbfhWcy/FZR3/4IgflMgKLOsvPDrGCJA==
  dependencies:
    once "^1.3.0"
    wrappy "1"

inherits@2:
  version "2.0.4"
  resolved "https://registry.yarnpkg.com/inherits/-/inherits-2.0.4.tgz#0fa2c64f932917c3433a0ded55363aae37416b7c"
  integrity sha512-k/vGaX4/Yla3WzyMCvTQOXYeIHvqOKtnqBduzTHpzpQZzAskKMhZ2K+EnBiSM9zGSoIFeMpXKxa4dYeZIQqewQ==

is-plain-object@^5.0.0:
  version "5.0.0"
  resolved "https://registry.yarnpkg.com/is-plain-object/-/is-plain-object-5.0.0.tgz#4427f50ab3429e9025ea7d52e9043a9ef4159344"
  integrity sha512-VRSzKkbMm5jMDoKLbltAkFQ5Qr7VDiTFGXxYFXXowVj387GeGNOCsOH6Msy00SGZ3Fp84b1Naa1psqgcCIEP5Q==

jest-diff@^24.3.0:
  version "24.9.0"
  resolved "https://registry.yarnpkg.com/jest-diff/-/jest-diff-24.9.0.tgz#931b7d0d5778a1baf7452cb816e325e3724055da"
  integrity sha512-qMfrTs8AdJE2iqrTp0hzh7kTd2PQWrsFyj9tORoKmu32xjPjeE4NyjVRDz8ybYwqS2ik8N4hsIpiVTyFeo2lBQ==
  dependencies:
    chalk "^2.0.1"
    diff-sequences "^24.9.0"
    jest-get-type "^24.9.0"
    pretty-format "^24.9.0"

jest-get-type@^24.9.0:
  version "24.9.0"
  resolved "https://registry.yarnpkg.com/jest-get-type/-/jest-get-type-24.9.0.tgz#1684a0c8a50f2e4901b6644ae861f579eed2ef0e"
  integrity sha512-lUseMzAley4LhIcpSP9Jf+fTrQ4a1yHQwLNeeVa2cEmbCGeoZAtYPOIv8JaxLD/sUpKxetKGP+gsHl8f8TSj8Q==

js-yaml@^3.13.1, js-yaml@^3.4.2:
  version "3.14.1"
  resolved "https://registry.yarnpkg.com/js-yaml/-/js-yaml-3.14.1.tgz#dae812fdb3825fa306609a8717383c50c36a0537"
  integrity sha512-okMH7OXXJ7YrN9Ok3/SXrnu4iX9yOk+25nqX4imS2npuvTYDmo/QEZoqwZkYaIDk3jVvBOTOIEgEhaLOynBS9g==
  dependencies:
    argparse "^1.0.7"
    esprima "^4.0.0"

lodash@^4.17.11:
  version "4.17.21"
  resolved "https://registry.yarnpkg.com/lodash/-/lodash-4.17.21.tgz#679591c564c3bffaae8454cf0b3df370c3d6911c"
  integrity sha512-v2kDEe57lecTulaDIuNTPy3Ry4gLGJ6Z1O3vE1krgXZNrsQ+LFTGHVxVjcXPs17LhbZVGedAJv8XZ1tvj5FvSg==

mime-db@1.52.0:
  version "1.52.0"
  resolved "https://registry.yarnpkg.com/mime-db/-/mime-db-1.52.0.tgz#bbabcdc02859f4987301c856e3387ce5ec43bf70"
  integrity sha512-sPU4uV7dYlvtWJxwwxHD0PuihVNiE7TyAbQ5SWxDCB9mUYvOgroQOwYQQOKPJ8CIbE+1ETVlOoK1UC2nU3gYvg==

mime-types@^2.1.12:
  version "2.1.35"
  resolved "https://registry.yarnpkg.com/mime-types/-/mime-types-2.1.35.tgz#381a871b62a734450660ae3deee44813f70d959a"
  integrity sha512-ZDY+bPm5zTTF+YpCrAU9nK0UgICYPT0QtT1NZWFv4s++TNkcgVaT0g6+4R2uI4MjQjzysHB1zxuWL50hzaeXiw==
  dependencies:
    mime-db "1.52.0"

minimal-polyfills@^2.2.3:
  version "2.2.3"
  resolved "https://registry.yarnpkg.com/minimal-polyfills/-/minimal-polyfills-2.2.3.tgz#22af58de16807b325f29b83ca38ffb83e75ec3f4"
  integrity sha512-oxdmJ9cL+xV72h0xYxp4tP2d5/fTBpP45H8DIOn9pASuF8a3IYTf+25fMGDYGiWW+MFsuog6KD6nfmhZJQ+uUw==

minimatch@^3.1.1:
  version "3.1.2"
  resolved "https://registry.yarnpkg.com/minimatch/-/minimatch-3.1.2.tgz#19cd194bfd3e428f049a70817c038d89ab4be35b"
  integrity sha512-J7p63hRiAjw1NDEww1W7i37+ByIrOWO5XQQAzZ3VOcL0PNybwpfmV/N05zFAzwQ9USyEcX6t3UO+K5aqBQOIHw==
  dependencies:
    brace-expansion "^1.1.7"

node-fetch@^2.6.1, node-fetch@^2.6.7:
  version "2.7.0"
  resolved "https://registry.yarnpkg.com/node-fetch/-/node-fetch-2.7.0.tgz#d0f0fa6e3e2dc1d27efcd8ad99d550bda94d187d"
  integrity sha512-c4FRfUm/dbcWZ7U+1Wq0AwCyFL+3nt2bEw05wfxSz+DWpWsitgmSgYmy2dQdWyKC1694ELPqMs/YzUSNozLt8A==
  dependencies:
    whatwg-url "^5.0.0"

once@^1.3.0, once@^1.4.0:
  version "1.4.0"
  resolved "https://registry.yarnpkg.com/once/-/once-1.4.0.tgz#583b1aa775961d4b113ac17d9c50baef9dd76bd1"
  integrity sha512-lNaJgI+2Q5URQBkccEKHTQOPaXdUxnZZElQTZY0MFUAuaEqe1E+Nyvgdz/aIyNi6Z9MzO5dv1H8n58/GELp3+w==
  dependencies:
    wrappy "1"

path-is-absolute@^1.0.0:
  version "1.0.1"
  resolved "https://registry.yarnpkg.com/path-is-absolute/-/path-is-absolute-1.0.1.tgz#174b9268735534ffbc7ace6bf53a5a9e1b5c5f5f"
  integrity sha512-AVbw3UJ2e9bq64vSaS9Am0fje1Pa8pbGqTTsmXfaIiMpnr5DlDhfJOuLj9Sf95ZPVDAUerDfEk88MPmPe7UCQg==

prettier@^1.19.1:
  version "1.19.1"
  resolved "https://registry.yarnpkg.com/prettier/-/prettier-1.19.1.tgz#f7d7f5ff8a9cd872a7be4ca142095956a60797cb"
  integrity sha512-s7PoyDv/II1ObgQunCbB9PdLmUcBZcnWOcxDh7O0N/UwDEsHyqkW+Qh28jW+mVuCdx7gLB0BotYI1Y6uI9iyew==

pretty-format@^24.9.0:
  version "24.9.0"
  resolved "https://registry.yarnpkg.com/pretty-format/-/pretty-format-24.9.0.tgz#12fac31b37019a4eea3c11aa9a959eb7628aa7c9"
  integrity sha512-00ZMZUiHaJrNfk33guavqgvfJS30sLYf0f8+Srklv0AMPodGGHcoHgksZ3OThYnIvOd+8yMCn0YiEOogjlgsnA==
  dependencies:
    "@jest/types" "^24.9.0"
    ansi-regex "^4.0.0"
    ansi-styles "^3.2.0"
    react-is "^16.8.4"

react-is@^16.8.4:
  version "16.13.1"
  resolved "https://registry.yarnpkg.com/react-is/-/react-is-16.13.1.tgz#789729a4dc36de2999dc156dd6c1d9c18cea56a4"
  integrity sha512-24e6ynE2H+OKt4kqsOvNd8kBpV65zoxbA4BVsEOB3ARVWQki/DHzaUoC5KuON/BiccDaCCTZBuOcfZs70kR8bQ==

repeat-string@^1.6.1:
  version "1.6.1"
  resolved "https://registry.yarnpkg.com/repeat-string/-/repeat-string-1.6.1.tgz#8dcae470e1c88abc2d600fff4a776286da75e637"
  integrity sha512-PV0dzCYDNfRi1jCDbJzpW7jNNDRuCOG/jI5ctQcGKt/clZD+YcPS3yIlWuTJMmESC8aevCFmWJy5wjAFgNqN6w==

run-exclusive@^2.2.19:
  version "2.2.19"
  resolved "https://registry.yarnpkg.com/run-exclusive/-/run-exclusive-2.2.19.tgz#37a2fb6e3671f8ae0d63521ebd1865fc796cf307"
  integrity sha512-K3mdoAi7tjJ/qT7Flj90L7QyPozwUaAG+CVhkdDje4HLKXUYC3N/Jzkau3flHVDLQVhiHBtcimVodMjN9egYbA==
  dependencies:
    minimal-polyfills "^2.2.3"

scripting-tools@^0.19.14:
  version "0.19.14"
  resolved "https://registry.yarnpkg.com/scripting-tools/-/scripting-tools-0.19.14.tgz#d46cdea3dcf042b103b1712103b007e72c4901d5"
  integrity sha512-KGRES70dEmcaCdpx3R88bLWmfA4mQ/EGikCQy0FGTZwx3y9F5yYkzEhwp02+ZTgpvF25JcNOhDBbOqL6z92kwg==

sprintf-js@~1.0.2:
  version "1.0.3"
  resolved "https://registry.yarnpkg.com/sprintf-js/-/sprintf-js-1.0.3.tgz#04e6926f662895354f3dd015203633b857297e2c"
  integrity sha512-D9cPgkvLlV3t3IzL0D0YLvGA9Ahk4PcvVwUbN0dSGr1aP0Nrt4AEnTUbuGvquEC0mA64Gqt1fzirlRs5ibXx8g==

supports-color@^5.3.0:
  version "5.5.0"
  resolved "https://registry.yarnpkg.com/supports-color/-/supports-color-5.5.0.tgz#e2e69a44ac8772f78a1ec0b35b689df6530efc8f"
  integrity sha512-QjVjwdXIt408MIiAqCX4oUKsgU2EqAGzs2Ppkm4aQYbjm+ZEWEcW4SfFNTr4uMNZma0ey4f5lgLrkB0aX0QMow==
  dependencies:
    has-flag "^3.0.0"

tr46@~0.0.3:
  version "0.0.3"
  resolved "https://registry.yarnpkg.com/tr46/-/tr46-0.0.3.tgz#8184fd347dac9cdc185992f3a6622e14b9d9ab6a"
  integrity sha512-N3WMsuqV66lT30CrXNbEjx4GEwlow3v6rr4mCcv6prnfwhS01rkgyFdjPNBYd9br7LpXV1+Emh01fHnq2Gdgrw==

tsafe@^1.6.4, tsafe@^1.6.5:
  version "1.6.5"
  resolved "https://registry.yarnpkg.com/tsafe/-/tsafe-1.6.5.tgz#74943b69190069168a53d2accd6d07891cf1cce8"
  integrity sha512-895zss8xqqHKTc28sHGIfZKnt3C5jrstB1DyPr/h3/flK0zojsZUMQL1/W4ytdDW6KI4Oth62nb9rrxmA3s3Iw==

tunnel@^0.0.6:
  version "0.0.6"
  resolved "https://registry.yarnpkg.com/tunnel/-/tunnel-0.0.6.tgz#72f1314b34a5b192db012324df2cc587ca47f92c"
  integrity sha512-1h/Lnq9yajKY2PEbBadPXj3VxsDDu844OnaAo52UVmIzIvwwtBPIuNvkjuzBlTWpfJyUbG3ez0KSBibQkj4ojg==

typescript@^5.2.2:
  version "5.2.2"
  resolved "https://registry.yarnpkg.com/typescript/-/typescript-5.2.2.tgz#5ebb5e5a5b75f085f22bc3f8460fba308310fa78"
  integrity sha512-mI4WrpHsbCIcwT9cF4FZvr80QUeKvsUsUvKDoR+X/7XHQH98xYD8YHZg7ANtz2GtZt/CBq2QJ0thkGJMHfqc1w==

universal-user-agent@^6.0.0:
  version "6.0.0"
  resolved "https://registry.yarnpkg.com/universal-user-agent/-/universal-user-agent-6.0.0.tgz#3381f8503b251c0d9cd21bc1de939ec9df5480ee"
  integrity sha512-isyNax3wXoKaulPDZWHQqbmIx1k2tb9fb3GGDBRxCscfYV2Ch7WxPArBsFEG8s/safwXTT7H4QGhaIkTp9447w==

url-join@^4.0.1:
  version "4.0.1"
  resolved "https://registry.yarnpkg.com/url-join/-/url-join-4.0.1.tgz#b642e21a2646808ffa178c4c5fda39844e12cde7"
  integrity sha512-jk1+QP6ZJqyOiuEI9AEWQfju/nB2Pw466kbA0LEZljHwKeMgd9WrAEgEGxjPDD2+TNbbb37rTyhEfrCXfuKXnA==

uuid@^8.3.2:
  version "8.3.2"
  resolved "https://registry.yarnpkg.com/uuid/-/uuid-8.3.2.tgz#80d5b5ced271bb9af6c445f21a1a04c606cefbe2"
  integrity sha512-+NYs2QeMWy+GWFOEm9xnn6HCDp0l7QBD7ml8zLUmJ+93Q5NF0NocErnwkTkXVFNiX3/fpC6afS8Dhb/gz7R7eg==

validate-npm-package-name@^3.0.0:
  version "3.0.0"
  resolved "https://registry.yarnpkg.com/validate-npm-package-name/-/validate-npm-package-name-3.0.0.tgz#5fa912d81eb7d0c74afc140de7317f0ca7df437e"
  integrity sha512-M6w37eVCMMouJ9V/sdPGnC5H4uDr73/+xdq0FBLO3TFFX1+7wiUY6Es328NN+y43tmY+doUdN9g9J21vqB7iLw==
  dependencies:
    builtins "^1.0.3"

webidl-conversions@^3.0.0:
  version "3.0.1"
  resolved "https://registry.yarnpkg.com/webidl-conversions/-/webidl-conversions-3.0.1.tgz#24534275e2a7bc6be7bc86611cc16ae0a5654871"
  integrity sha512-2JAn3z8AR6rjK8Sm8orRC0h/bcl/DqL7tRPdGZ4I1CjdF+EaMLmYxBHyXuKL849eucPFhvBoxMsflfOb8kxaeQ==

whatwg-url@^5.0.0:
  version "5.0.0"
  resolved "https://registry.yarnpkg.com/whatwg-url/-/whatwg-url-5.0.0.tgz#966454e8765462e37644d3626f6742ce8b70965d"
  integrity sha512-saE57nupxk6v3HY35+jzBwYa0rKSy0XR8JSxZPwgLr7ys0IBzhGviA1/TUGJLmSVqs8pb9AnvICXEuOHLprYTw==
  dependencies:
    tr46 "~0.0.3"
    webidl-conversions "^3.0.0"

wrappy@1:
  version "1.0.2"
  resolved "https://registry.yarnpkg.com/wrappy/-/wrappy-1.0.2.tgz#b5243d8f3ec1aa35f1364605bc0d1036e30ab69f"
  integrity sha512-l4Sp/DRseor9wL6EvV2+TuQn63dMkPjZ/sp9XkghTEbV9KlPS1xUsZ3u7/IQO4wxtcFB4bgpQPRcR3QCvezPcQ==

yaml-js@^0.1.3:
  version "0.1.5"
  resolved "https://registry.yarnpkg.com/yaml-js/-/yaml-js-0.1.5.tgz#a01369010b3558d8aaed2394615dfd0780fd8fac"
  integrity sha512-Az1ZhbcuJbrGgMH+voT7Xd1D2x1ZwwdHy619jYbsPHDgydtxOP7XInNAS0aZSgDp7KDH/gIIF3sZTvdxge3Yyw==

yawn-yaml@^1.5.0:
  version "1.5.0"
  resolved "https://registry.yarnpkg.com/yawn-yaml/-/yawn-yaml-1.5.0.tgz#95fba7544d5375fce3dc84514f12218ed0d2ebcb"
  integrity sha512-sH2zX9K1QiWhWh9U19pye660qlzrEAd5c4ebw/6lqz17LZw7xYi7nqXlBoVLVtc2FZFXDKiJIsvVcKGYbLVyFQ==
  dependencies:
    js-yaml "^3.4.2"
    lodash "^4.17.11"
    yaml-js "^0.1.3"
